
Microsoft Visual Studio Solution File, Format Version 12.00
# Visual Studio Version 17
VisualStudioVersion = 17.14.36414.22 d17.14
MinimumVisualStudioVersion = 10.0.40219.1
Project("{FAE04EC0-301F-11D3-BF4B-00C04F79EFBC}") = "minimla-api", "minimla-api.csproj", "{140BEFBB-9257-5F05-211D-3B59659D7142}"
EndProject
Global
	GlobalSection(SolutionConfigurationPlatforms) = preSolution
		Debug|Any CPU = Debug|Any CPU
		Release|Any CPU = Release|Any CPU
	EndGlobalSection
	GlobalSection(ProjectConfigurationPlatforms) = postSolution
		{140BEFBB-9257-5F05-211D-3B59659D7142}.Debug|Any CPU.ActiveCfg = Debug|Any CPU
		{140BEFBB-9257-5F05-211D-3B59659D7142}.Debug|Any CPU.Build.0 = Debug|Any CPU
		{140BEFBB-9257-5F05-211D-3B59659D7142}.Release|Any CPU.ActiveCfg = Release|Any CPU
		{140BEFBB-9257-5F05-211D-3B59659D7142}.Release|Any CPU.Build.0 = Release|Any CPU
	EndGlobalSection
	GlobalSection(SolutionProperties) = preSolution
		HideSolutionNode = FALSE
	EndGlobalSection
	GlobalSection(ExtensibilityGlobals) = postSolution
		SolutionGuid = {DC4A841E-A140-478B-BA4C-7BA81E05437D}
	EndGlobalSection
EndGlobal
